Microsoft Visual Studio Solution File, Format Version 12.00
# Visual Studio Version 17
VisualStudioVersion = 17.5.2.0
MinimumVisualStudioVersion = 10.0.40219.1
Project("{FAE04EC0-301F-11D3-BF4B-00C04F79EFBC}") = "CIPP-MCP", "CIPP-MCP.csproj", "{C946EB92-2C69-13B3-009A-9BBC04374F2A}"
EndProject
Global
	GlobalSection(SolutionConfigurationPlatforms) = preSolution
		Debug|Any CPU = Debug|Any CPU
		Release|Any CPU = Release|Any CPU
	EndGlobalSection
	GlobalSection(ProjectConfigurationPlatforms) = postSolution
		{C946EB92-2C69-13B3-009A-9BBC04374F2A}.Debug|Any CPU.ActiveCfg = Debug|Any CPU
		{C946EB92-2C69-13B3-009A-9BBC04374F2A}.Debug|Any CPU.Build.0 = Debug|Any CPU
		{C946EB92-2C69-13B3-009A-9BBC04374F2A}.Release|Any CPU.ActiveCfg = Release|Any CPU
		{C946EB92-2C69-13B3-009A-9BBC04374F2A}.Release|Any CPU.Build.0 = Release|Any CPU
		{B6F42305-423F-56FF-090F-B7263547F924}.Debug|Any CPU.ActiveCfg = Debug|Any CPU
		{B6F42305-423F-56FF-090F-B7263547F924}.Debug|Any CPU.Build.0 = Debug|Any CPU
		{B6F42305-423F-56FF-090F-B7263547F924}.Release|Any CPU.ActiveCfg = Release|Any CPU
		{B6F42305-423F-56FF-090F-B7263547F924}.Release|Any CPU.Build.0 = Release|Any CPU
		{7E895D94-6FCC-583E-47EB-8A359F335F91}.Debug|Any CPU.ActiveCfg = Debug|Any CPU
		{7E895D94-6FCC-583E-47EB-8A359F335F91}.Debug|Any CPU.Build.0 = Debug|Any CPU
		{7E895D94-6FCC-583E-47EB-8A359F335F91}.Release|Any CPU.ActiveCfg = Release|Any CPU
		{7E895D94-6FCC-583E-47EB-8A359F335F91}.Release|Any CPU.Build.0 = Release|Any CPU
		{17B8453F-AB72-99C5-E5EA-D0B065A6AE65}.Debug|Any CPU.ActiveCfg = Debug|Any CPU
		{17B8453F-AB72-99C5-E5EA-D0B065A6AE65}.Debug|Any CPU.Build.0 = Debug|Any CPU
		{17B8453F-AB72-99C5-E5EA-D0B065A6AE65}.Release|Any CPU.ActiveCfg = Release|Any CPU
		{17B8453F-AB72-99C5-E5EA-D0B065A6AE65}.Release|Any CPU.Build.0 = Release|Any CPU
		{0D1552DC-E6ED-4AAC-5562-12F8352F46AA}.Debug|Any CPU.ActiveCfg = Debug|Any CPU
		{0D1552DC-E6ED-4AAC-5562-12F8352F46AA}.Debug|Any CPU.Build.0 = Debug|Any CPU
		{0D1552DC-E6ED-4AAC-5562-12F8352F46AA}.Release|Any CPU.ActiveCfg = Release|Any CPU
		{0D1552DC-E6ED-4AAC-5562-12F8352F46AA}.Release|Any CPU.Build.0 = Release|Any CPU
		{4653EB0C-8FC0-98F4-E9C8-220EDA7A69DF}.Debug|Any CPU.ActiveCfg = Debug|Any CPU
		{4653EB0C-8FC0-98F4-E9C8-220EDA7A69DF}.Debug|Any CPU.Build.0 = Debug|Any CPU
		{4653EB0C-8FC0-98F4-E9C8-220EDA7A69DF}.Release|Any CPU.ActiveCfg = Release|Any CPU
		{4653EB0C-8FC0-98F4-E9C8-220EDA7A69DF}.Release|Any CPU.Build.0 = Release|Any CPU
		{373464E9-F669-F705-7F42-4D08D62B0403}.Debug|Any CPU.ActiveCfg = Debug|Any CPU
		{373464E9-F669-F705-7F42-4D08D62B0403}.Debug|Any CPU.Build.0 = Debug|Any CPU
		{373464E9-F669-F705-7F42-4D08D62B0403}.Release|Any CPU.ActiveCfg = Release|Any CPU
		{373464E9-F669-F705-7F42-4D08D62B0403}.Release|Any CPU.Build.0 = Release|Any CPU
	EndGlobalSection
	GlobalSection(SolutionProperties) = preSolution
		HideSolutionNode = FALSE
	EndGlobalSection
	GlobalSection(ExtensibilityGlobals) = postSolution
		SolutionGuid = {174F36AB-91D3-45F0-BBF3-EBAE926991B4}
	EndGlobalSection
EndGlobal
